
Microsoft Visual Studio Solution File, Format Version 12.00
# Visual Studio 2012
Project("{FAE04EC0-301F-11D3-BF4B-00C04F79EFBC}") = "MessageCodeSharing", "MessageCodeSharing\MessageCodeSharing.csproj", "{D523302F-117B-4327-BD1F-DB25593835EC}"
EndProject
Project("{FAE04EC0-301F-11D3-BF4B-00C04F79EFBC}") = "Extension", "Extension\Extension.csproj", "{9A07B225-22DE-4F6F-893B-F0FEAEB8831F}"
EndProject
Global
	GlobalSection(SolutionConfigurationPlatforms) = preSolution
		Debug|iPhoneSimulator = Debug|iPhoneSimulator
		Release|iPhone = Release|iPhone
		Release|iPhoneSimulator = Release|iPhoneSimulator
		Debug|iPhone = Debug|iPhone
	EndGlobalSection
	GlobalSection(ProjectConfigurationPlatforms) = postSolution
		{D523302F-117B-4327-BD1F-DB25593835EC}.Debug|iPhoneSimulator.ActiveCfg = Debug|iPhoneSimulator
		{D523302F-117B-4327-BD1F-DB25593835EC}.Debug|iPhoneSimulator.Build.0 = Debug|iPhoneSimulator
		{D523302F-117B-4327-BD1F-DB25593835EC}.Release|iPhone.ActiveCfg = Release|iPhone
		{D523302F-117B-4327-BD1F-DB25593835EC}.Release|iPhone.Build.0 = Release|iPhone
		{D523302F-117B-4327-BD1F-DB25593835EC}.Release|iPhoneSimulator.ActiveCfg = Release|iPhoneSimulator
		{D523302F-117B-4327-BD1F-DB25593835EC}.Release|iPhoneSimulator.Build.0 = Release|iPhoneSimulator
		{D523302F-117B-4327-BD1F-DB25593835EC}.Debug|iPhone.ActiveCfg = Debug|iPhone
		{D523302F-117B-4327-BD1F-DB25593835EC}.Debug|iPhone.Build.0 = Debug|iPhone
		{9A07B225-22DE-4F6F-893B-F0FEAEB8831F}.Debug|iPhoneSimulator.ActiveCfg = Debug|iPhoneSimulator
		{9A07B225-22DE-4F6F-893B-F0FEAEB8831F}.Debug|iPhoneSimulator.Build.0 = Debug|iPhoneSimulator
		{9A07B225-22DE-4F6F-893B-F0FEAEB8831F}.Release|iPhone.ActiveCfg = Release|iPhone
		{9A07B225-22DE-4F6F-893B-F0FEAEB8831F}.Release|iPhone.Build.0 = Release|iPhone
		{9A07B225-22DE-4F6F-893B-F0FEAEB8831F}.Release|iPhoneSimulator.ActiveCfg = Release|iPhoneSimulator
		{9A07B225-22DE-4F6F-893B-F0FEAEB8831F}.Release|iPhoneSimulator.Build.0 = Release|iPhoneSimulator
		{9A07B225-22DE-4F6F-893B-F0FEAEB8831F}.Debug|iPhone.ActiveCfg = Debug|iPhone
		{9A07B225-22DE-4F6F-893B-F0FEAEB8831F}.Debug|iPhone.Build.0 = Debug|iPhone
	EndGlobalSection
EndGlobal
